
Microsoft Visual Studio Solution File, Format Version 12.00
# Visual Studio Version 17
VisualStudioVersion = 17.7.34031.279
MinimumVisualStudioVersion = 10.0.40219.1
Project("{9A19103F-16F7-4668-BE54-9A1E7A4F7556}") = "Kreta.Backend", "..\03-02-wpf-exam-address-view-viewmodel\Kreta.Backend\Kreta.Backend.csproj", "{11CB1D48-AB4B-4949-AC3B-0A98ECAD192D}"
EndProject
Project("{9A19103F-16F7-4668-BE54-9A1E7A4F7556}") = "Kreta.Desktop", "..\03-02-wpf-exam-address-view-viewmodel\Kreta.Desktop\Kreta.Desktop.csproj", "{3E5C94F4-D094-4923-A048-D873C83B9AA4}"
EndProject
Project("{9A19103F-16F7-4668-BE54-9A1E7A4F7556}") = "Kreta.HttpService", "..\03-02-wpf-exam-address-view-viewmodel\Kreta.HttpService\Kreta.HttpService.csproj", "{C14DA3D6-06A3-446F-B73E-950ED48D15FD}"
EndProject
Project("{9A19103F-16F7-4668-BE54-9A1E7A4F7556}") = "Kreta.Shared", "..\03-02-wpf-exam-address-view-viewmodel\Kreta.Shared\Kreta.Shared.csproj", "{9DC0D528-AF0B-4168-B876-4AF5AAAF9AD8}"
EndProject
Global
	GlobalSection(SolutionConfigurationPlatforms) = preSolution
		Debug|Any CPU = Debug|Any CPU
		Release|Any CPU = Release|Any CPU
	EndGlobalSection
	GlobalSection(ProjectConfigurationPlatforms) = postSolution
		{11CB1D48-AB4B-4949-AC3B-0A98ECAD192D}.Debug|Any CPU.ActiveCfg = Debug|Any CPU
		{11CB1D48-AB4B-4949-AC3B-0A98ECAD192D}.Debug|Any CPU.Build.0 = Debug|Any CPU
		{11CB1D48-AB4B-4949-AC3B-0A98ECAD192D}.Release|Any CPU.ActiveCfg = Release|Any CPU
		{11CB1D48-AB4B-4949-AC3B-0A98ECAD192D}.Release|Any CPU.Build.0 = Release|Any CPU
		{3E5C94F4-D094-4923-A048-D873C83B9AA4}.Debug|Any CPU.ActiveCfg = Debug|Any CPU
		{3E5C94F4-D094-4923-A048-D873C83B9AA4}.Debug|Any CPU.Build.0 = Debug|Any CPU
		{3E5C94F4-D094-4923-A048-D873C83B9AA4}.Release|Any CPU.ActiveCfg = Release|Any CPU
		{3E5C94F4-D094-4923-A048-D873C83B9AA4}.Release|Any CPU.Build.0 = Release|Any CPU
		{C14DA3D6-06A3-446F-B73E-950ED48D15FD}.Debug|Any CPU.ActiveCfg = Debug|Any CPU
		{C14DA3D6-06A3-446F-B73E-950ED48D15FD}.Debug|Any CPU.Build.0 = Debug|Any CPU
		{C14DA3D6-06A3-446F-B73E-950ED48D15FD}.Release|Any CPU.ActiveCfg = Release|Any CPU
		{C14DA3D6-06A3-446F-B73E-950ED48D15FD}.Release|Any CPU.Build.0 = Release|Any CPU
		{9DC0D528-AF0B-4168-B876-4AF5AAAF9AD8}.Debug|Any CPU.ActiveCfg = Debug|Any CPU
		{9DC0D528-AF0B-4168-B876-4AF5AAAF9AD8}.Debug|Any CPU.Build.0 = Debug|Any CPU
		{9DC0D528-AF0B-4168-B876-4AF5AAAF9AD8}.Release|Any CPU.ActiveCfg = Release|Any CPU
		{9DC0D528-AF0B-4168-B876-4AF5AAAF9AD8}.Release|Any CPU.Build.0 = Release|Any CPU
	EndGlobalSection
	GlobalSection(SolutionProperties) = preSolution
		HideSolutionNode = FALSE
	EndGlobalSection
	GlobalSection(ExtensibilityGlobals) = postSolution
		SolutionGuid = {9C179095-168D-4574-867F-FFE82F7891F9}
	EndGlobalSection
EndGlobal
